
Microsoft Visual Studio Solution File, Format Version 12.00
# Visual Studio 15
VisualStudioVersion = 15.0.27004.2002
MinimumVisualStudioVersion = 10.0.40219.1
Project("{FAE04EC0-301F-11D3-BF4B-00C04F79EFBC}") = "NonCustom", "NonCustom\NonCustom.csproj", "{12F7A0EC-C367-4C8B-A554-F4148D1C33A7}"
EndProject
Project("{FAE04EC0-301F-11D3-BF4B-00C04F79EFBC}") = "WpfContols", "WpfContols\WpfContols.csproj", "{C72B41A7-CD2A-41AF-961C-095D7FC18DD5}"
EndProject
Global
	GlobalSection(SolutionConfigurationPlatforms) = preSolution
		Debug|Any CPU = Debug|Any CPU
		Release|Any CPU = Release|Any CPU
	EndGlobalSection
	GlobalSection(ProjectConfigurationPlatforms) = postSolution
		{12F7A0EC-C367-4C8B-A554-F4148D1C33A7}.Debug|Any CPU.ActiveCfg = Debug|Any CPU
		{12F7A0EC-C367-4C8B-A554-F4148D1C33A7}.Debug|Any CPU.Build.0 = Debug|Any CPU
		{12F7A0EC-C367-4C8B-A554-F4148D1C33A7}.Release|Any CPU.ActiveCfg = Release|Any CPU
		{12F7A0EC-C367-4C8B-A554-F4148D1C33A7}.Release|Any CPU.Build.0 = Release|Any CPU
		{C72B41A7-CD2A-41AF-961C-095D7FC18DD5}.Debug|Any CPU.ActiveCfg = Debug|Any CPU
		{C72B41A7-CD2A-41AF-961C-095D7FC18DD5}.Debug|Any CPU.Build.0 = Debug|Any CPU
		{C72B41A7-CD2A-41AF-961C-095D7FC18DD5}.Release|Any CPU.ActiveCfg = Release|Any CPU
		{C72B41A7-CD2A-41AF-961C-095D7FC18DD5}.Release|Any CPU.Build.0 = Release|Any CPU
	EndGlobalSection
	GlobalSection(SolutionProperties) = preSolution
		HideSolutionNode = FALSE
	EndGlobalSection
	GlobalSection(ExtensibilityGlobals) = postSolution
		SolutionGuid = {45D54A16-8723-422C-AA41-BA26F5ED6224}
	EndGlobalSection
EndGlobal
